
Microsoft Visual Studio Solution File, Format Version 12.00
Project("{2150E333-8FDC-42A3-9474-1A3956D46DE8}") = "tests", "tests", "{7F7601D5-C62E-4EA3-8B71-E946A62B4529}"
EndProject
Project("{2150E333-8FDC-42A3-9474-1A3956D46DE8}") = "src", "src", "{89F559F6-C217-4D24-9A2F-DF25AE215A7C}"
EndProject
Project("{FAE04EC0-301F-11D3-BF4B-00C04F79EFBC}") = "DispatchR", "src\DispatchR\DispatchR.csproj", "{9A10D4A1-2E7F-4DE2-AC96-49E2914800D7}"
EndProject
Project("{FAE04EC0-301F-11D3-BF4B-00C04F79EFBC}") = "Sample", "src\Sample\Sample.csproj", "{3EB8B2BF-4228-408D-93D8-5280AAB438A0}"
EndProject
Project("{FAE04EC0-301F-11D3-BF4B-00C04F79EFBC}") = "Benchmark", "src\Benchmark\Benchmark.csproj", "{92588047-1FE1-429A-8679-7B4FB39381F5}"
EndProject
Project("{2150E333-8FDC-42A3-9474-1A3956D46DE8}") = "Solution Items", "Solution Items", "{31F27C13-121E-4784-B06B-0FEF19817791}"
	ProjectSection(SolutionItems) = preProject
		README.md = README.md
		.gitignore = .gitignore
	EndProjectSection
EndProject
Project("{2150E333-8FDC-42A3-9474-1A3956D46DE8}") = ".github", ".github", "{0C407C1E-9E95-40A5-ABCA-52AACCC49C96}"
EndProject
Project("{2150E333-8FDC-42A3-9474-1A3956D46DE8}") = "workflows", "workflows", "{97F0685F-BF3D-4F1F-B195-E33DD15C071E}"
	ProjectSection(SolutionItems) = preProject
		.github\workflows\build-release.yml = .github\workflows\build-release.yml
	EndProjectSection
EndProject
Global
	GlobalSection(SolutionConfigurationPlatforms) = preSolution
		Debug|Any CPU = Debug|Any CPU
		Release|Any CPU = Release|Any CPU
	EndGlobalSection
	GlobalSection(ProjectConfigurationPlatforms) = postSolution
		{9A10D4A1-2E7F-4DE2-AC96-49E2914800D7}.Debug|Any CPU.ActiveCfg = Debug|Any CPU
		{9A10D4A1-2E7F-4DE2-AC96-49E2914800D7}.Debug|Any CPU.Build.0 = Debug|Any CPU
		{9A10D4A1-2E7F-4DE2-AC96-49E2914800D7}.Release|Any CPU.ActiveCfg = Release|Any CPU
		{9A10D4A1-2E7F-4DE2-AC96-49E2914800D7}.Release|Any CPU.Build.0 = Release|Any CPU
		{3EB8B2BF-4228-408D-93D8-5280AAB438A0}.Debug|Any CPU.ActiveCfg = Debug|Any CPU
		{3EB8B2BF-4228-408D-93D8-5280AAB438A0}.Debug|Any CPU.Build.0 = Debug|Any CPU
		{3EB8B2BF-4228-408D-93D8-5280AAB438A0}.Release|Any CPU.ActiveCfg = Release|Any CPU
		{3EB8B2BF-4228-408D-93D8-5280AAB438A0}.Release|Any CPU.Build.0 = Release|Any CPU
		{92588047-1FE1-429A-8679-7B4FB39381F5}.Debug|Any CPU.ActiveCfg = Debug|Any CPU
		{92588047-1FE1-429A-8679-7B4FB39381F5}.Debug|Any CPU.Build.0 = Debug|Any CPU
		{92588047-1FE1-429A-8679-7B4FB39381F5}.Release|Any CPU.ActiveCfg = Release|Any CPU
		{92588047-1FE1-429A-8679-7B4FB39381F5}.Release|Any CPU.Build.0 = Release|Any CPU
	EndGlobalSection
	GlobalSection(NestedProjects) = preSolution
		{9A10D4A1-2E7F-4DE2-AC96-49E2914800D7} = {89F559F6-C217-4D24-9A2F-DF25AE215A7C}
		{3EB8B2BF-4228-408D-93D8-5280AAB438A0} = {89F559F6-C217-4D24-9A2F-DF25AE215A7C}
		{92588047-1FE1-429A-8679-7B4FB39381F5} = {89F559F6-C217-4D24-9A2F-DF25AE215A7C}
		{0C407C1E-9E95-40A5-ABCA-52AACCC49C96} = {31F27C13-121E-4784-B06B-0FEF19817791}
		{97F0685F-BF3D-4F1F-B195-E33DD15C071E} = {0C407C1E-9E95-40A5-ABCA-52AACCC49C96}
	EndGlobalSection
EndGlobal
